
Microsoft Visual Studio Solution File, Format Version 12.00
# Visual Studio Version 17
VisualStudioVersion = 17.5.33530.505
MinimumVisualStudioVersion = 10.0.40219.1
Project("{9A19103F-16F7-4668-BE54-9A1E7A4F7556}") = "SupermarketWEB", "SupermarketWEB.csproj", "{2FAA640A-2466-4C51-AD0B-76FF644A05A1}"
EndProject
Global
	GlobalSection(SolutionConfigurationPlatforms) = preSolution
		Debug|Any CPU = Debug|Any CPU
		Release|Any CPU = Release|Any CPU
	EndGlobalSection
	GlobalSection(ProjectConfigurationPlatforms) = postSolution
		{2FAA640A-2466-4C51-AD0B-76FF644A05A1}.Debug|Any CPU.ActiveCfg = Debug|Any CPU
		{2FAA640A-2466-4C51-AD0B-76FF644A05A1}.Debug|Any CPU.Build.0 = Debug|Any CPU
		{2FAA640A-2466-4C51-AD0B-76FF644A05A1}.Release|Any CPU.ActiveCfg = Release|Any CPU
		{2FAA640A-2466-4C51-AD0B-76FF644A05A1}.Release|Any CPU.Build.0 = Release|Any CPU
	EndGlobalSection
	GlobalSection(SolutionProperties) = preSolution
		HideSolutionNode = FALSE
	EndGlobalSection
	GlobalSection(ExtensibilityGlobals) = postSolution
		SolutionGuid = {81B5F13C-B29D-49DC-B3EB-D96DA651AEC7}
	EndGlobalSection
EndGlobal
